
Microsoft Visual Studio Solution File, Format Version 12.00
# Visual Studio 15
VisualStudioVersion = 15.0.26730.15
MinimumVisualStudioVersion = 10.0.40219.1
Project("{9A19103F-16F7-4668-BE54-9A1E7A4F7556}") = "ADT.Core.Empty", "ADT.Core.Empty\ADT.Core.Empty.csproj", "{DD0C4343-EB55-4300-8366-59EDE00071B3}"
EndProject
Project("{9A19103F-16F7-4668-BE54-9A1E7A4F7556}") = "ADT.Core.Middleware", "ADT.Core.Middleware\ADT.Core.Middleware.csproj", "{D0481232-BB56-423C-B24E-1C47EFB5376F}"
EndProject
Project("{9A19103F-16F7-4668-BE54-9A1E7A4F7556}") = "ADT.Core.Middleware.Options", "ADT.Core.Middleware.Options\ADT.Core.Middleware.Options.csproj", "{357FC150-CC2B-4C31-99E9-F473EE55312F}"
EndProject
Project("{9A19103F-16F7-4668-BE54-9A1E7A4F7556}") = "ADT.Core.Dependency", "ADT.Core.Dependency\ADT.Core.Dependency.csproj", "{CDCA8E5A-933C-46AE-9999-5C5527223F26}"
EndProject
Project("{9A19103F-16F7-4668-BE54-9A1E7A4F7556}") = "ADT.Core.Configuration", "ADT.Core.Configuration\ADT.Core.Configuration.csproj", "{AB7F50BE-5C85-4466-80F3-5AE23B890F37}"
EndProject
Project("{9A19103F-16F7-4668-BE54-9A1E7A4F7556}") = "ADT.Core.SecretManager", "ADT.Core.SecretManager\ADT.Core.SecretManager.csproj", "{170AFD4F-D706-47E9-8381-832D56A8441D}"
EndProject
Project("{9A19103F-16F7-4668-BE54-9A1E7A4F7556}") = "ADT.Core.Environment", "ADT.Core.Environment\ADT.Core.Environment.csproj", "{BB24D6B8-F200-4F49-8540-80EEA0C69EA6}"
EndProject
Project("{9A19103F-16F7-4668-BE54-9A1E7A4F7556}") = "ADT.Core.StaticFile", "ADT.Core.StaticFile\ADT.Core.StaticFile.csproj", "{B4737571-48A2-465F-88F0-2EC8F1C014EC}"
EndProject
Project("{9A19103F-16F7-4668-BE54-9A1E7A4F7556}") = "ADT.Core.ErrorHandling", "ADT.Core.ErrorHandling\ADT.Core.ErrorHandling.csproj", "{DAABAACA-7EA5-4332-8F2B-C6F9779E7C05}"
EndProject
Project("{9A19103F-16F7-4668-BE54-9A1E7A4F7556}") = "ADT.Core.Logging", "ADT.Core.Loggin\ADT.Core.Logging.csproj", "{1AB90AA2-EC8F-4A2C-94C1-FF412FCC9A81}"
EndProject
Project("{9A19103F-16F7-4668-BE54-9A1E7A4F7556}") = "ADT.Core.Logging.Serilog", "ADT.Core.Logging.Serilog\ADT.Core.Logging.Serilog.csproj", "{FED1DFC2-A95A-491D-AB6E-F61FA07D793A}"
EndProject
Project("{9A19103F-16F7-4668-BE54-9A1E7A4F7556}") = "ADT.Core.SessionState", "ADT.Core.SessionState\ADT.Core.SessionState.csproj", "{612B66C3-C7F6-405F-BD88-250AC1BA1D65}"
EndProject
Project("{9A19103F-16F7-4668-BE54-9A1E7A4F7556}") = "ADT.Core.FileProviders", "ADT.Core.FileProviders\ADT.Core.FileProviders.csproj", "{BB1CE9C8-CED4-4DBD-9E1D-DF68652F0FDB}"
EndProject
Project("{9A19103F-16F7-4668-BE54-9A1E7A4F7556}") = "ADT.Core.UrlRewriting", "ADT.Core.UrlRewriting\ADT.Core.UrlRewriting.csproj", "{4D3F40A5-4DC4-4EB1-A344-39F4F1B41F91}"
EndProject
Project("{9A19103F-16F7-4668-BE54-9A1E7A4F7556}") = "ADT.Core.Mvc.Routing", "ADT.Core.Mvc.Routing\ADT.Core.Mvc.Routing.csproj", "{EEFE2CD0-9842-4C6D-9D65-72E7BDEF6166}"
EndProject
Project("{9A19103F-16F7-4668-BE54-9A1E7A4F7556}") = "ADT.Core.Mvc.ModelBinding", "ADT.Core.Mvc.ModelBinding\ADT.Core.Mvc.ModelBinding.csproj", "{251724A8-2FF3-44CD-8E38-6F86840C5C9A}"
EndProject
Project("{9A19103F-16F7-4668-BE54-9A1E7A4F7556}") = "ADT.Core.Mvc.ModelBinding.Custom", "ADT.Core.ModelBinding.Custom\ADT.Core.Mvc.ModelBinding.Custom.csproj", "{FC6F112C-5A29-4CC6-8FE3-43833540826B}"
EndProject
Project("{9A19103F-16F7-4668-BE54-9A1E7A4F7556}") = "ADT.Core.Mvc.ModelValidation", "ADT.Core.Mvc.ModelValidation\ADT.Core.Mvc.ModelValidation.csproj", "{BF210749-B138-42CF-9998-449C2A4B7AB8}"
EndProject
Project("{9A19103F-16F7-4668-BE54-9A1E7A4F7556}") = "ADT.Core.Mvc.ModelValidation.Remote", "ADT.Core.Mvc.ModelValidation.Remote\ADT.Core.Mvc.ModelValidation.Remote.csproj", "{7380C442-5FE6-4D3E-98A7-14CB307494E0}"
EndProject
Project("{9A19103F-16F7-4668-BE54-9A1E7A4F7556}") = "ADT.Core.Mvc.Razor", "ADT.Core.Mvc.Razor\ADT.Core.Mvc.Razor.csproj", "{AAFD8DB8-F3B7-4714-866D-DC6B0E981FF7}"
EndProject
Project("{9A19103F-16F7-4668-BE54-9A1E7A4F7556}") = "ADT.Core.Mvc.DependencyInjection", "ADT.Core.Mvc.DependencyInjection\ADT.Core.Mvc.DependencyInjection.csproj", "{F78BBA1A-D917-4859-9722-8F0ABD4B6A2A}"
EndProject
Project("{9A19103F-16F7-4668-BE54-9A1E7A4F7556}") = "ADT.Core.Mvc.Layout", "ADT.Core.Mvc.Layout\ADT.Core.Mvc.Layout.csproj", "{41B225A1-C568-4B22-A686-ACEB2275DAAE}"
EndProject
Project("{9A19103F-16F7-4668-BE54-9A1E7A4F7556}") = "ADT.Core.Mvc.PartialViews", "ADT.Core.Mvc.PartialViews\ADT.Core.Mvc.PartialViews.csproj", "{FDB267E2-0352-452C-AC17-CF5BC39AF091}"
EndProject
Project("{9A19103F-16F7-4668-BE54-9A1E7A4F7556}") = "ADT.Core.Mvc.ViewComponents", "ADT.Core.Mvc.ViewComponents\ADT.Core.Mvc.ViewComponents.csproj", "{35776A87-F384-4B3A-8C4E-DCC2389CB7F6}"
EndProject
Project("{9A19103F-16F7-4668-BE54-9A1E7A4F7556}") = "ADT.Core.Mvc.Areas", "ADT.Core.Mvc.Areas\ADT.Core.Mvc.Areas.csproj", "{5E058958-4E78-429D-A84C-66BCE5EC8C25}"
EndProject
Project("{9A19103F-16F7-4668-BE54-9A1E7A4F7556}") = "ADT.Core.Mvc.TagHelpers", "ADT.Core.Mvc.TagHelpers\ADT.Core.Mvc.TagHelpers.csproj", "{ED67113B-277D-476A-BC13-7BAB3A0BE6BF}"
EndProject
Project("{FAE04EC0-301F-11D3-BF4B-00C04F79EFBC}") = "ADT.Core.Mvc.TagHelpers.Custom", "ADT.Core.Mvc.TagHelpers.Custom\ADT.Core.Mvc.TagHelpers.Custom.csproj", "{8D860653-11F7-4C49-8DB3-B3AF889169D1}"
EndProject
Global
	GlobalSection(SolutionConfigurationPlatforms) = preSolution
		Debug|Any CPU = Debug|Any CPU
		Release|Any CPU = Release|Any CPU
	EndGlobalSection
	GlobalSection(ProjectConfigurationPlatforms) = postSolution
		{DD0C4343-EB55-4300-8366-59EDE00071B3}.Debug|Any CPU.ActiveCfg = Debug|Any CPU
		{DD0C4343-EB55-4300-8366-59EDE00071B3}.Debug|Any CPU.Build.0 = Debug|Any CPU
		{DD0C4343-EB55-4300-8366-59EDE00071B3}.Release|Any CPU.ActiveCfg = Release|Any CPU
		{DD0C4343-EB55-4300-8366-59EDE00071B3}.Release|Any CPU.Build.0 = Release|Any CPU
		{D0481232-BB56-423C-B24E-1C47EFB5376F}.Debug|Any CPU.ActiveCfg = Debug|Any CPU
		{D0481232-BB56-423C-B24E-1C47EFB5376F}.Debug|Any CPU.Build.0 = Debug|Any CPU
		{D0481232-BB56-423C-B24E-1C47EFB5376F}.Release|Any CPU.ActiveCfg = Release|Any CPU
		{D0481232-BB56-423C-B24E-1C47EFB5376F}.Release|Any CPU.Build.0 = Release|Any CPU
		{357FC150-CC2B-4C31-99E9-F473EE55312F}.Debug|Any CPU.ActiveCfg = Debug|Any CPU
		{357FC150-CC2B-4C31-99E9-F473EE55312F}.Debug|Any CPU.Build.0 = Debug|Any CPU
		{357FC150-CC2B-4C31-99E9-F473EE55312F}.Release|Any CPU.ActiveCfg = Release|Any CPU
		{357FC150-CC2B-4C31-99E9-F473EE55312F}.Release|Any CPU.Build.0 = Release|Any CPU
		{CDCA8E5A-933C-46AE-9999-5C5527223F26}.Debug|Any CPU.ActiveCfg = Debug|Any CPU
		{CDCA8E5A-933C-46AE-9999-5C5527223F26}.Debug|Any CPU.Build.0 = Debug|Any CPU
		{CDCA8E5A-933C-46AE-9999-5C5527223F26}.Release|Any CPU.ActiveCfg = Release|Any CPU
		{CDCA8E5A-933C-46AE-9999-5C5527223F26}.Release|Any CPU.Build.0 = Release|Any CPU
		{AB7F50BE-5C85-4466-80F3-5AE23B890F37}.Debug|Any CPU.ActiveCfg = Debug|Any CPU
		{AB7F50BE-5C85-4466-80F3-5AE23B890F37}.Debug|Any CPU.Build.0 = Debug|Any CPU
		{AB7F50BE-5C85-4466-80F3-5AE23B890F37}.Release|Any CPU.ActiveCfg = Release|Any CPU
		{AB7F50BE-5C85-4466-80F3-5AE23B890F37}.Release|Any CPU.Build.0 = Release|Any CPU
		{170AFD4F-D706-47E9-8381-832D56A8441D}.Debug|Any CPU.ActiveCfg = Debug|Any CPU
		{170AFD4F-D706-47E9-8381-832D56A8441D}.Debug|Any CPU.Build.0 = Debug|Any CPU
		{170AFD4F-D706-47E9-8381-832D56A8441D}.Release|Any CPU.ActiveCfg = Release|Any CPU
		{170AFD4F-D706-47E9-8381-832D56A8441D}.Release|Any CPU.Build.0 = Release|Any CPU
		{BB24D6B8-F200-4F49-8540-80EEA0C69EA6}.Debug|Any CPU.ActiveCfg = Debug|Any CPU
		{BB24D6B8-F200-4F49-8540-80EEA0C69EA6}.Debug|Any CPU.Build.0 = Debug|Any CPU
		{BB24D6B8-F200-4F49-8540-80EEA0C69EA6}.Release|Any CPU.ActiveCfg = Release|Any CPU
		{BB24D6B8-F200-4F49-8540-80EEA0C69EA6}.Release|Any CPU.Build.0 = Release|Any CPU
		{B4737571-48A2-465F-88F0-2EC8F1C014EC}.Debug|Any CPU.ActiveCfg = Debug|Any CPU
		{B4737571-48A2-465F-88F0-2EC8F1C014EC}.Debug|Any CPU.Build.0 = Debug|Any CPU
		{B4737571-48A2-465F-88F0-2EC8F1C014EC}.Release|Any CPU.ActiveCfg = Release|Any CPU
		{B4737571-48A2-465F-88F0-2EC8F1C014EC}.Release|Any CPU.Build.0 = Release|Any CPU
		{DAABAACA-7EA5-4332-8F2B-C6F9779E7C05}.Debug|Any CPU.ActiveCfg = Debug|Any CPU
		{DAABAACA-7EA5-4332-8F2B-C6F9779E7C05}.Debug|Any CPU.Build.0 = Debug|Any CPU
		{DAABAACA-7EA5-4332-8F2B-C6F9779E7C05}.Release|Any CPU.ActiveCfg = Release|Any CPU
		{DAABAACA-7EA5-4332-8F2B-C6F9779E7C05}.Release|Any CPU.Build.0 = Release|Any CPU
		{1AB90AA2-EC8F-4A2C-94C1-FF412FCC9A81}.Debug|Any CPU.ActiveCfg = Debug|Any CPU
		{1AB90AA2-EC8F-4A2C-94C1-FF412FCC9A81}.Debug|Any CPU.Build.0 = Debug|Any CPU
		{1AB90AA2-EC8F-4A2C-94C1-FF412FCC9A81}.Release|Any CPU.ActiveCfg = Release|Any CPU
		{1AB90AA2-EC8F-4A2C-94C1-FF412FCC9A81}.Release|Any CPU.Build.0 = Release|Any CPU
		{FED1DFC2-A95A-491D-AB6E-F61FA07D793A}.Debug|Any CPU.ActiveCfg = Debug|Any CPU
		{FED1DFC2-A95A-491D-AB6E-F61FA07D793A}.Debug|Any CPU.Build.0 = Debug|Any CPU
		{FED1DFC2-A95A-491D-AB6E-F61FA07D793A}.Release|Any CPU.ActiveCfg = Release|Any CPU
		{FED1DFC2-A95A-491D-AB6E-F61FA07D793A}.Release|Any CPU.Build.0 = Release|Any CPU
		{612B66C3-C7F6-405F-BD88-250AC1BA1D65}.Debug|Any CPU.ActiveCfg = Debug|Any CPU
		{612B66C3-C7F6-405F-BD88-250AC1BA1D65}.Debug|Any CPU.Build.0 = Debug|Any CPU
		{612B66C3-C7F6-405F-BD88-250AC1BA1D65}.Release|Any CPU.ActiveCfg = Release|Any CPU
		{612B66C3-C7F6-405F-BD88-250AC1BA1D65}.Release|Any CPU.Build.0 = Release|Any CPU
		{BB1CE9C8-CED4-4DBD-9E1D-DF68652F0FDB}.Debug|Any CPU.ActiveCfg = Debug|Any CPU
		{BB1CE9C8-CED4-4DBD-9E1D-DF68652F0FDB}.Debug|Any CPU.Build.0 = Debug|Any CPU
		{BB1CE9C8-CED4-4DBD-9E1D-DF68652F0FDB}.Release|Any CPU.ActiveCfg = Release|Any CPU
		{BB1CE9C8-CED4-4DBD-9E1D-DF68652F0FDB}.Release|Any CPU.Build.0 = Release|Any CPU
		{4D3F40A5-4DC4-4EB1-A344-39F4F1B41F91}.Debug|Any CPU.ActiveCfg = Debug|Any CPU
		{4D3F40A5-4DC4-4EB1-A344-39F4F1B41F91}.Debug|Any CPU.Build.0 = Debug|Any CPU
		{4D3F40A5-4DC4-4EB1-A344-39F4F1B41F91}.Release|Any CPU.ActiveCfg = Release|Any CPU
		{4D3F40A5-4DC4-4EB1-A344-39F4F1B41F91}.Release|Any CPU.Build.0 = Release|Any CPU
		{EEFE2CD0-9842-4C6D-9D65-72E7BDEF6166}.Debug|Any CPU.ActiveCfg = Debug|Any CPU
		{EEFE2CD0-9842-4C6D-9D65-72E7BDEF6166}.Debug|Any CPU.Build.0 = Debug|Any CPU
		{EEFE2CD0-9842-4C6D-9D65-72E7BDEF6166}.Release|Any CPU.ActiveCfg = Release|Any CPU
		{EEFE2CD0-9842-4C6D-9D65-72E7BDEF6166}.Release|Any CPU.Build.0 = Release|Any CPU
		{251724A8-2FF3-44CD-8E38-6F86840C5C9A}.Debug|Any CPU.ActiveCfg = Debug|Any CPU
		{251724A8-2FF3-44CD-8E38-6F86840C5C9A}.Debug|Any CPU.Build.0 = Debug|Any CPU
		{251724A8-2FF3-44CD-8E38-6F86840C5C9A}.Release|Any CPU.ActiveCfg = Release|Any CPU
		{251724A8-2FF3-44CD-8E38-6F86840C5C9A}.Release|Any CPU.Build.0 = Release|Any CPU
		{FC6F112C-5A29-4CC6-8FE3-43833540826B}.Debug|Any CPU.ActiveCfg = Debug|Any CPU
		{FC6F112C-5A29-4CC6-8FE3-43833540826B}.Debug|Any CPU.Build.0 = Debug|Any CPU
		{FC6F112C-5A29-4CC6-8FE3-43833540826B}.Release|Any CPU.ActiveCfg = Release|Any CPU
		{FC6F112C-5A29-4CC6-8FE3-43833540826B}.Release|Any CPU.Build.0 = Release|Any CPU
		{BF210749-B138-42CF-9998-449C2A4B7AB8}.Debug|Any CPU.ActiveCfg = Debug|Any CPU
		{BF210749-B138-42CF-9998-449C2A4B7AB8}.Debug|Any CPU.Build.0 = Debug|Any CPU
		{BF210749-B138-42CF-9998-449C2A4B7AB8}.Release|Any CPU.ActiveCfg = Release|Any CPU
		{BF210749-B138-42CF-9998-449C2A4B7AB8}.Release|Any CPU.Build.0 = Release|Any CPU
		{7380C442-5FE6-4D3E-98A7-14CB307494E0}.Debug|Any CPU.ActiveCfg = Debug|Any CPU
		{7380C442-5FE6-4D3E-98A7-14CB307494E0}.Debug|Any CPU.Build.0 = Debug|Any CPU
		{7380C442-5FE6-4D3E-98A7-14CB307494E0}.Release|Any CPU.ActiveCfg = Release|Any CPU
		{7380C442-5FE6-4D3E-98A7-14CB307494E0}.Release|Any CPU.Build.0 = Release|Any CPU
		{AAFD8DB8-F3B7-4714-866D-DC6B0E981FF7}.Debug|Any CPU.ActiveCfg = Debug|Any CPU
		{AAFD8DB8-F3B7-4714-866D-DC6B0E981FF7}.Debug|Any CPU.Build.0 = Debug|Any CPU
		{AAFD8DB8-F3B7-4714-866D-DC6B0E981FF7}.Release|Any CPU.ActiveCfg = Release|Any CPU
		{AAFD8DB8-F3B7-4714-866D-DC6B0E981FF7}.Release|Any CPU.Build.0 = Release|Any CPU
		{F78BBA1A-D917-4859-9722-8F0ABD4B6A2A}.Debug|Any CPU.ActiveCfg = Debug|Any CPU
		{F78BBA1A-D917-4859-9722-8F0ABD4B6A2A}.Debug|Any CPU.Build.0 = Debug|Any CPU
		{F78BBA1A-D917-4859-9722-8F0ABD4B6A2A}.Release|Any CPU.ActiveCfg = Release|Any CPU
		{F78BBA1A-D917-4859-9722-8F0ABD4B6A2A}.Release|Any CPU.Build.0 = Release|Any CPU
		{41B225A1-C568-4B22-A686-ACEB2275DAAE}.Debug|Any CPU.ActiveCfg = Debug|Any CPU
		{41B225A1-C568-4B22-A686-ACEB2275DAAE}.Debug|Any CPU.Build.0 = Debug|Any CPU
		{41B225A1-C568-4B22-A686-ACEB2275DAAE}.Release|Any CPU.ActiveCfg = Release|Any CPU
		{41B225A1-C568-4B22-A686-ACEB2275DAAE}.Release|Any CPU.Build.0 = Release|Any CPU
		{FDB267E2-0352-452C-AC17-CF5BC39AF091}.Debug|Any CPU.ActiveCfg = Debug|Any CPU
		{FDB267E2-0352-452C-AC17-CF5BC39AF091}.Debug|Any CPU.Build.0 = Debug|Any CPU
		{FDB267E2-0352-452C-AC17-CF5BC39AF091}.Release|Any CPU.ActiveCfg = Release|Any CPU
		{FDB267E2-0352-452C-AC17-CF5BC39AF091}.Release|Any CPU.Build.0 = Release|Any CPU
		{35776A87-F384-4B3A-8C4E-DCC2389CB7F6}.Debug|Any CPU.ActiveCfg = Debug|Any CPU
		{35776A87-F384-4B3A-8C4E-DCC2389CB7F6}.Debug|Any CPU.Build.0 = Debug|Any CPU
		{35776A87-F384-4B3A-8C4E-DCC2389CB7F6}.Release|Any CPU.ActiveCfg = Release|Any CPU
		{35776A87-F384-4B3A-8C4E-DCC2389CB7F6}.Release|Any CPU.Build.0 = Release|Any CPU
		{5E058958-4E78-429D-A84C-66BCE5EC8C25}.Debug|Any CPU.ActiveCfg = Debug|Any CPU
		{5E058958-4E78-429D-A84C-66BCE5EC8C25}.Debug|Any CPU.Build.0 = Debug|Any CPU
		{5E058958-4E78-429D-A84C-66BCE5EC8C25}.Release|Any CPU.ActiveCfg = Release|Any CPU
		{5E058958-4E78-429D-A84C-66BCE5EC8C25}.Release|Any CPU.Build.0 = Release|Any CPU
		{ED67113B-277D-476A-BC13-7BAB3A0BE6BF}.Debug|Any CPU.ActiveCfg = Debug|Any CPU
		{ED67113B-277D-476A-BC13-7BAB3A0BE6BF}.Debug|Any CPU.Build.0 = Debug|Any CPU
		{ED67113B-277D-476A-BC13-7BAB3A0BE6BF}.Release|Any CPU.ActiveCfg = Release|Any CPU
		{ED67113B-277D-476A-BC13-7BAB3A0BE6BF}.Release|Any CPU.Build.0 = Release|Any CPU
		{8D860653-11F7-4C49-8DB3-B3AF889169D1}.Debug|Any CPU.ActiveCfg = Debug|Any CPU
		{8D860653-11F7-4C49-8DB3-B3AF889169D1}.Debug|Any CPU.Build.0 = Debug|Any CPU
		{8D860653-11F7-4C49-8DB3-B3AF889169D1}.Release|Any CPU.ActiveCfg = Release|Any CPU
		{8D860653-11F7-4C49-8DB3-B3AF889169D1}.Release|Any CPU.Build.0 = Release|Any CPU
	EndGlobalSection
	GlobalSection(SolutionProperties) = preSolution
		HideSolutionNode = FALSE
	EndGlobalSection
	GlobalSection(ExtensibilityGlobals) = postSolution
		SolutionGuid = {528AF219-E64E-4502-80A1-84F3D8F2BD90}
	EndGlobalSection
EndGlobal
