
Microsoft Visual Studio Solution File, Format Version 12.00
# Visual Studio 15
VisualStudioVersion = 15.0.26730.15
MinimumVisualStudioVersion = 10.0.40219.1
Project("{9A19103F-16F7-4668-BE54-9A1E7A4F7556}") = "ADT.Core.Empty", "ADT.Core.Empty\ADT.Core.Empty.csproj", "{DD0C4343-EB55-4300-8366-59EDE00071B3}"
EndProject
Project("{FAE04EC0-301F-11D3-BF4B-00C04F79EFBC}") = "ADT.Core.Middleware", "ADT.Core.Middleware\ADT.Core.Middleware.csproj", "{D0481232-BB56-423C-B24E-1C47EFB5376F}"
EndProject
Global
	GlobalSection(SolutionConfigurationPlatforms) = preSolution
		Debug|Any CPU = Debug|Any CPU
		Release|Any CPU = Release|Any CPU
	EndGlobalSection
	GlobalSection(ProjectConfigurationPlatforms) = postSolution
		{DD0C4343-EB55-4300-8366-59EDE00071B3}.Debug|Any CPU.ActiveCfg = Debug|Any CPU
		{DD0C4343-EB55-4300-8366-59EDE00071B3}.Debug|Any CPU.Build.0 = Debug|Any CPU
		{DD0C4343-EB55-4300-8366-59EDE00071B3}.Release|Any CPU.ActiveCfg = Release|Any CPU
		{DD0C4343-EB55-4300-8366-59EDE00071B3}.Release|Any CPU.Build.0 = Release|Any CPU
		{D0481232-BB56-423C-B24E-1C47EFB5376F}.Debug|Any CPU.ActiveCfg = Debug|Any CPU
		{D0481232-BB56-423C-B24E-1C47EFB5376F}.Debug|Any CPU.Build.0 = Debug|Any CPU
		{D0481232-BB56-423C-B24E-1C47EFB5376F}.Release|Any CPU.ActiveCfg = Release|Any CPU
		{D0481232-BB56-423C-B24E-1C47EFB5376F}.Release|Any CPU.Build.0 = Release|Any CPU
	EndGlobalSection
	GlobalSection(SolutionProperties) = preSolution
		HideSolutionNode = FALSE
	EndGlobalSection
	GlobalSection(ExtensibilityGlobals) = postSolution
		SolutionGuid = {528AF219-E64E-4502-80A1-84F3D8F2BD90}
	EndGlobalSection
EndGlobal
